
Microsoft Visual Studio Solution File, Format Version 12.00
# Visual Studio Version 16
VisualStudioVersion = 16.0.31729.503
MinimumVisualStudioVersion = 10.0.40219.1
Project("{FAE04EC0-301F-11D3-BF4B-00C04F79EFBC}") = "NeuralNetworksV2", "NeuralNetworksV2\NeuralNetworksV2.csproj", "{9981D484-842F-46E9-97B0-0238B983708C}"
EndProject
Global
	GlobalSection(SolutionConfigurationPlatforms) = preSolution
		Debug|Any CPU = Debug|Any CPU
		Release|Any CPU = Release|Any CPU
	EndGlobalSection
	GlobalSection(ProjectConfigurationPlatforms) = postSolution
		{9981D484-842F-46E9-97B0-0238B983708C}.Debug|Any CPU.ActiveCfg = Debug|Any CPU
		{9981D484-842F-46E9-97B0-0238B983708C}.Debug|Any CPU.Build.0 = Debug|Any CPU
		{9981D484-842F-46E9-97B0-0238B983708C}.Release|Any CPU.ActiveCfg = Release|Any CPU
		{9981D484-842F-46E9-97B0-0238B983708C}.Release|Any CPU.Build.0 = Release|Any CPU
	EndGlobalSection
	GlobalSection(SolutionProperties) = preSolution
		HideSolutionNode = FALSE
	EndGlobalSection
	GlobalSection(ExtensibilityGlobals) = postSolution
		SolutionGuid = {88056B78-0C5C-4C2E-942D-8399D1EE5682}
	EndGlobalSection
EndGlobal
